// !$*UTF8*$!
{
	archiveVersion = 1;
	classes = {
	};
	objectVersion = 55;
	objects = {

/* Begin PBXBuildFile section */
		440D3CEF27DDB84800106244 /* SearchFilterModel.swift in Sources */ = {isa = PBXBuildFile; fileRef = 440D3CEE27DDB84800106244 /* SearchFilterModel.swift */; };
		440D3CF127DDB97F00106244 /* SearchFiltersCollectionViewCell.swift in Sources */ = {isa = PBXBuildFile; fileRef = 440D3CF027DDB97F00106244 /* SearchFiltersCollectionViewCell.swift */; };
		440D3CF327DDBF9300106244 /* SearchCategoryCollectionViewCell.swift in Sources */ = {isa = PBXBuildFile; fileRef = 440D3CF227DDBF9300106244 /* SearchCategoryCollectionViewCell.swift */; };
		440D3CF527DDE9C200106244 /* DishesListModel.swift in Sources */ = {isa = PBXBuildFile; fileRef = 440D3CF427DDE9C200106244 /* DishesListModel.swift */; };
		44198CA527A5108700EC9883 /* AppDelegate.swift in Sources */ = {isa = PBXBuildFile; fileRef = 44198CA427A5108700EC9883 /* AppDelegate.swift */; };
		44198CA727A5108700EC9883 /* SceneDelegate.swift in Sources */ = {isa = PBXBuildFile; fileRef = 44198CA627A5108700EC9883 /* SceneDelegate.swift */; };
		44198CAE27A5108900EC9883 /* Assets.xcassets in Resources */ = {isa = PBXBuildFile; fileRef = 44198CAD27A5108900EC9883 /* Assets.xcassets */; };
		44198CB127A5108900EC9883 /* LaunchScreen.storyboard in Resources */ = {isa = PBXBuildFile; fileRef = 44198CAF27A5108900EC9883 /* LaunchScreen.storyboard */; };
		44198CBF27A51A5F00EC9883 /* FoodViewController.swift in Sources */ = {isa = PBXBuildFile; fileRef = 44198CBE27A51A5F00EC9883 /* FoodViewController.swift */; };
		44198CC227A51F0E00EC9883 /* FoodViewController+Extension.swift in Sources */ = {isa = PBXBuildFile; fileRef = 44198CC127A51F0E00EC9883 /* FoodViewController+Extension.swift */; };
		44198CC727A5210900EC9883 /* UIView+Extension.swift in Sources */ = {isa = PBXBuildFile; fileRef = 44198CC627A5210900EC9883 /* UIView+Extension.swift */; };
		44198CCA27A527CB00EC9883 /* FoodFilterHeaderView.swift in Sources */ = {isa = PBXBuildFile; fileRef = 44198CC927A527CB00EC9883 /* FoodFilterHeaderView.swift */; };
		44198CCC27A5378100EC9883 /* SectionHeaderView.swift in Sources */ = {isa = PBXBuildFile; fileRef = 44198CCB27A5378100EC9883 /* SectionHeaderView.swift */; };
		44198CCE27A5380000EC9883 /* SectionFooterView.swift in Sources */ = {isa = PBXBuildFile; fileRef = 44198CCD27A5380000EC9883 /* SectionFooterView.swift */; };
		44198CD427A5510C00EC9883 /* Layout+Enum.swift in Sources */ = {isa = PBXBuildFile; fileRef = 44198CD327A5510C00EC9883 /* Layout+Enum.swift */; };
		44198CD727A5524100EC9883 /* AppLayouts.swift in Sources */ = {isa = PBXBuildFile; fileRef = 44198CD627A5524100EC9883 /* AppLayouts.swift */; };
		44198CDA27A5548900EC9883 /* AppConstants.swift in Sources */ = {isa = PBXBuildFile; fileRef = 44198CD927A5548900EC9883 /* AppConstants.swift */; };
		44198CDC27A5560700EC9883 /* FoodTopBannerCVCell.swift in Sources */ = {isa = PBXBuildFile; fileRef = 44198CDB27A5560700EC9883 /* FoodTopBannerCVCell.swift */; };
		44198CDE27A55C7D00EC9883 /* FoodCategoryCVCell.swift in Sources */ = {isa = PBXBuildFile; fileRef = 44198CDD27A55C7D00EC9883 /* FoodCategoryCVCell.swift */; };
		44198CE027A6445900EC9883 /* FoodSuggestionCardCVCell.swift in Sources */ = {isa = PBXBuildFile; fileRef = 44198CDF27A6445900EC9883 /* FoodSuggestionCardCVCell.swift */; };
		44198CE227A64D3E00EC9883 /* RestaurantsListCVCell.swift in Sources */ = {isa = PBXBuildFile; fileRef = 44198CE127A64D3E00EC9883 /* RestaurantsListCVCell.swift */; };
		44198CE727A69FFA00EC9883 /* NSTextAttachment+Extension.swift in Sources */ = {isa = PBXBuildFile; fileRef = 44198CE327A65A8200EC9883 /* NSTextAttachment+Extension.swift */; };
		44198CE927A6A01500EC9883 /* UIButton+Extension.swift in Sources */ = {isa = PBXBuildFile; fileRef = 44198CE827A6A01500EC9883 /* UIButton+Extension.swift */; };
		441F0C7927DC6A51009CC5A6 /* SearchFilterCustomView.swift in Sources */ = {isa = PBXBuildFile; fileRef = 441F0C7827DC6A51009CC5A6 /* SearchFilterCustomView.swift */; };
		44623DCC27DC651E0069FD14 /* SearchCategoryCustomView.swift in Sources */ = {isa = PBXBuildFile; fileRef = 44623DCB27DC651E0069FD14 /* SearchCategoryCustomView.swift */; };
		4466D28127D472D2009A5BB6 /* SearchViewController.swift in Sources */ = {isa = PBXBuildFile; fileRef = 4466D28027D472D2009A5BB6 /* SearchViewController.swift */; };
		4466D28427D4732B009A5BB6 /* TabBarViewController.swift in Sources */ = {isa = PBXBuildFile; fileRef = 4466D28327D4732B009A5BB6 /* TabBarViewController.swift */; };
		4466D28727D478D1009A5BB6 /* SearchedContentContainerView.swift in Sources */ = {isa = PBXBuildFile; fileRef = 4466D28627D478D1009A5BB6 /* SearchedContentContainerView.swift */; };
		4466D28927D479EF009A5BB6 /* SearchContainerView.swift in Sources */ = {isa = PBXBuildFile; fileRef = 4466D28827D479EF009A5BB6 /* SearchContainerView.swift */; };
		4466D28B27D488C4009A5BB6 /* SearchedContentTableViewCell.swift in Sources */ = {isa = PBXBuildFile; fileRef = 4466D28A27D488C4009A5BB6 /* SearchedContentTableViewCell.swift */; };
		4466D28D27D48AC8009A5BB6 /* UILabel+Extension.swift in Sources */ = {isa = PBXBuildFile; fileRef = 4466D28C27D48AC8009A5BB6 /* UILabel+Extension.swift */; };
		4466D28F27D490ED009A5BB6 /* SearchViewController+Delegate.swift in Sources */ = {isa = PBXBuildFile; fileRef = 4466D28E27D490ED009A5BB6 /* SearchViewController+Delegate.swift */; };
		4466D29127D49A01009A5BB6 /* SearchingContentListDataModel.swift in Sources */ = {isa = PBXBuildFile; fileRef = 4466D29027D49A01009A5BB6 /* SearchingContentListDataModel.swift */; };
		4466D29827DC5939009A5BB6 /* SearchDetailContainerView.swift in Sources */ = {isa = PBXBuildFile; fileRef = 4466D29727DC5939009A5BB6 /* SearchDetailContainerView.swift */; };
		44A8154227DCCC39007404C0 /* DishesCollectionViewCell.swift in Sources */ = {isa = PBXBuildFile; fileRef = 44A8154127DCCC39007404C0 /* DishesCollectionViewCell.swift */; };
		44C95BC827A9069100BA83C3 /* FoodViewController+Delegates.swift in Sources */ = {isa = PBXBuildFile; fileRef = 44C95BC727A9069100BA83C3 /* FoodViewController+Delegates.swift */; };
		44C95BCA27A90C2200BA83C3 /* SectionDecorationView.swift in Sources */ = {isa = PBXBuildFile; fileRef = 44C95BC927A90C2200BA83C3 /* SectionDecorationView.swift */; };
		44C95BCC27A9130800BA83C3 /* SectionHeaderView_2.swift in Sources */ = {isa = PBXBuildFile; fileRef = 44C95BCB27A9130800BA83C3 /* SectionHeaderView_2.swift */; };
		44C95BCE27A9162300BA83C3 /* RestaurantVeganCVCell.swift in Sources */ = {isa = PBXBuildFile; fileRef = 44C95BCD27A9162300BA83C3 /* RestaurantVeganCVCell.swift */; };
		44CBFA0D27A935A200D2B827 /* UIFont+Extension.swift in Sources */ = {isa = PBXBuildFile; fileRef = 44CBFA0C27A935A200D2B827 /* UIFont+Extension.swift */; };
		44CBFA0F27A9360000D2B827 /* ScreenSize.swift in Sources */ = {isa = PBXBuildFile; fileRef = 44CBFA0E27A9360000D2B827 /* ScreenSize.swift */; };
		44CBFA1127A93CF900D2B827 /* UIColor+Extension.swift in Sources */ = {isa = PBXBuildFile; fileRef = 44CBFA1027A93CF900D2B827 /* UIColor+Extension.swift */; };
		44CBFA1527A947BF00D2B827 /* FoodCategoryDataModel.swift in Sources */ = {isa = PBXBuildFile; fileRef = 44CBFA1427A947BF00D2B827 /* FoodCategoryDataModel.swift */; };
		44CBFA1727A94AFD00D2B827 /* FoodTopBannerModel.swift in Sources */ = {isa = PBXBuildFile; fileRef = 44CBFA1627A94AFD00D2B827 /* FoodTopBannerModel.swift */; };
		44CBFA1927A953FC00D2B827 /* VeganRestaurantSectionModel.swift in Sources */ = {isa = PBXBuildFile; fileRef = 44CBFA1827A953FC00D2B827 /* VeganRestaurantSectionModel.swift */; };
		44CBFA1B27A95B1100D2B827 /* CuratedRestaurantsModel.swift in Sources */ = {isa = PBXBuildFile; fileRef = 44CBFA1A27A95B1100D2B827 /* CuratedRestaurantsModel.swift */; };
		44CBFA1D27AA448B00D2B827 /* RestaurantListDataModel.swift in Sources */ = {isa = PBXBuildFile; fileRef = 44CBFA1C27AA448B00D2B827 /* RestaurantListDataModel.swift */; };
		44CBFAA627AE0AA100D2B827 /* FilterLauncher.swift in Sources */ = {isa = PBXBuildFile; fileRef = 44CBFAA527AE0AA100D2B827 /* FilterLauncher.swift */; };
		44CBFAA827AE11EB00D2B827 /* FilterView.swift in Sources */ = {isa = PBXBuildFile; fileRef = 44CBFAA727AE11EB00D2B827 /* FilterView.swift */; };
		44CBFAAE27AE3C6700D2B827 /* FilterCategoryView.swift in Sources */ = {isa = PBXBuildFile; fileRef = 44CBFAAD27AE3C6700D2B827 /* FilterCategoryView.swift */; };
		44CBFAB027AE3C7300D2B827 /* FilterDetailView.swift in Sources */ = {isa = PBXBuildFile; fileRef = 44CBFAAF27AE3C7300D2B827 /* FilterDetailView.swift */; };
		44CBFAB227AE4C0100D2B827 /* FilterCategoryTVCell.swift in Sources */ = {isa = PBXBuildFile; fileRef = 44CBFAB127AE4C0100D2B827 /* FilterCategoryTVCell.swift */; };
		44CBFAB427AE51B600D2B827 /* UIString+Extension.swift in Sources */ = {isa = PBXBuildFile; fileRef = 44CBFAB327AE51B600D2B827 /* UIString+Extension.swift */; };
		44CBFAB627AF8ACF00D2B827 /* FilterDetailTableViewCell.swift in Sources */ = {isa = PBXBuildFile; fileRef = 44CBFAB527AF8ACF00D2B827 /* FilterDetailTableViewCell.swift */; };
		44CBFAB827AF8ECE00D2B827 /* FilterDataModel.swift in Sources */ = {isa = PBXBuildFile; fileRef = 44CBFAB727AF8ECE00D2B827 /* FilterDataModel.swift */; };
		44CBFABB27B76B6500D2B827 /* FoodDetailViewController.swift in Sources */ = {isa = PBXBuildFile; fileRef = 44CBFABA27B76B6500D2B827 /* FoodDetailViewController.swift */; };
		44CBFABD27B76EE800D2B827 /* FoodDetailViewController+Extension.swift in Sources */ = {isa = PBXBuildFile; fileRef = 44CBFABC27B76EE800D2B827 /* FoodDetailViewController+Extension.swift */; };
		44CBFAC127B7B93900D2B827 /* FoodDetailNavView.swift in Sources */ = {isa = PBXBuildFile; fileRef = 44CBFAC027B7B93900D2B827 /* FoodDetailNavView.swift */; };
		44F748D627A9335500329DD0 /* ProximaNovaCondensedBold.otf in Resources */ = {isa = PBXBuildFile; fileRef = 44F748D527A9334F00329DD0 /* ProximaNovaCondensedBold.otf */; };
		44F748D727A9335A00329DD0 /* ProximaNovaAltRegular.otf in Resources */ = {isa = PBXBuildFile; fileRef = 44F748D427A9334F00329DD0 /* ProximaNovaAltRegular.otf */; };
		44F748D827A9335A00329DD0 /* ProximaNovaAltLight.otf in Resources */ = {isa = PBXBuildFile; fileRef = 44F748D227A9334F00329DD0 /* ProximaNovaAltLight.otf */; };
		44F748D927A9335A00329DD0 /* ProximaNovaBold.otf in Resources */ = {isa = PBXBuildFile; fileRef = 44F748D327A9334F00329DD0 /* ProximaNovaBold.otf */; };
/* End PBXBuildFile section */

/* Begin PBXFileReference section */
		440D3CEE27DDB84800106244 /* SearchFilterModel.swift */ = {isa = PBXFileReference; lastKnownFileType = sourcecode.swift; path = SearchFilterModel.swift; sourceTree = "<group>"; };
		440D3CF027DDB97F00106244 /* SearchFiltersCollectionViewCell.swift */ = {isa = PBXFileReference; lastKnownFileType = sourcecode.swift; path = SearchFiltersCollectionViewCell.swift; sourceTree = "<group>"; };
		440D3CF227DDBF9300106244 /* SearchCategoryCollectionViewCell.swift */ = {isa = PBXFileReference; lastKnownFileType = sourcecode.swift; path = SearchCategoryCollectionViewCell.swift; sourceTree = "<group>"; };
		440D3CF427DDE9C200106244 /* DishesListModel.swift */ = {isa = PBXFileReference; lastKnownFileType = sourcecode.swift; path = DishesListModel.swift; sourceTree = "<group>"; };
		44198CA127A5108700EC9883 /* SwiggyClone.app */ = {isa = PBXFileReference; explicitFileType = wrapper.application; includeInIndex = 0; path = SwiggyClone.app; sourceTree = BUILT_PRODUCTS_DIR; };
		44198CA427A5108700EC9883 /* AppDelegate.swift */ = {isa = PBXFileReference; lastKnownFileType = sourcecode.swift; path = AppDelegate.swift; sourceTree = "<group>"; };
		44198CA627A5108700EC9883 /* SceneDelegate.swift */ = {isa = PBXFileReference; lastKnownFileType = sourcecode.swift; path = SceneDelegate.swift; sourceTree = "<group>"; };
		44198CAD27A5108900EC9883 /* Assets.xcassets */ = {isa = PBXFileReference; lastKnownFileType = folder.assetcatalog; path = Assets.xcassets; sourceTree = "<group>"; };
		44198CB027A5108900EC9883 /* Base */ = {isa = PBXFileReference; lastKnownFileType = file.storyboard; name = Base; path = Base.lproj/LaunchScreen.storyboard; sourceTree = "<group>"; };
		44198CB227A5108900EC9883 /* Info.plist */ = {isa = PBXFileReference; lastKnownFileType = text.plist.xml; path = Info.plist; sourceTree = "<group>"; };
		44198CBE27A51A5F00EC9883 /* FoodViewController.swift */ = {isa = PBXFileReference; lastKnownFileType = sourcecode.swift; path = FoodViewController.swift; sourceTree = "<group>"; };
		44198CC127A51F0E00EC9883 /* FoodViewController+Extension.swift */ = {isa = PBXFileReference; lastKnownFileType = sourcecode.swift; path = "FoodViewController+Extension.swift"; sourceTree = "<group>"; };
		44198CC627A5210900EC9883 /* UIView+Extension.swift */ = {isa = PBXFileReference; lastKnownFileType = sourcecode.swift; path = "UIView+Extension.swift"; sourceTree = "<group>"; };
		44198CC927A527CB00EC9883 /* FoodFilterHeaderView.swift */ = {isa = PBXFileReference; lastKnownFileType = sourcecode.swift; path = FoodFilterHeaderView.swift; sourceTree = "<group>"; };
		44198CCB27A5378100EC9883 /* SectionHeaderView.swift */ = {isa = PBXFileReference; lastKnownFileType = sourcecode.swift; path = SectionHeaderView.swift; sourceTree = "<group>"; };
		44198CCD27A5380000EC9883 /* SectionFooterView.swift */ = {isa = PBXFileReference; lastKnownFileType = sourcecode.swift; path = SectionFooterView.swift; sourceTree = "<group>"; };
		44198CD327A5510C00EC9883 /* Layout+Enum.swift */ = {isa = PBXFileReference; lastKnownFileType = sourcecode.swift; path = "Layout+Enum.swift"; sourceTree = "<group>"; };
		44198CD627A5524100EC9883 /* AppLayouts.swift */ = {isa = PBXFileReference; lastKnownFileType = sourcecode.swift; path = AppLayouts.swift; sourceTree = "<group>"; };
		44198CD927A5548900EC9883 /* AppConstants.swift */ = {isa = PBXFileReference; lastKnownFileType = sourcecode.swift; path = AppConstants.swift; sourceTree = "<group>"; };
		44198CDB27A5560700EC9883 /* FoodTopBannerCVCell.swift */ = {isa = PBXFileReference; lastKnownFileType = sourcecode.swift; path = FoodTopBannerCVCell.swift; sourceTree = "<group>"; };
		44198CDD27A55C7D00EC9883 /* FoodCategoryCVCell.swift */ = {isa = PBXFileReference; lastKnownFileType = sourcecode.swift; path = FoodCategoryCVCell.swift; sourceTree = "<group>"; };
		44198CDF27A6445900EC9883 /* FoodSuggestionCardCVCell.swift */ = {isa = PBXFileReference; lastKnownFileType = sourcecode.swift; path = FoodSuggestionCardCVCell.swift; sourceTree = "<group>"; };
		44198CE127A64D3E00EC9883 /* RestaurantsListCVCell.swift */ = {isa = PBXFileReference; lastKnownFileType = sourcecode.swift; path = RestaurantsListCVCell.swift; sourceTree = "<group>"; };
		44198CE327A65A8200EC9883 /* NSTextAttachment+Extension.swift */ = {isa = PBXFileReference; lastKnownFileType = sourcecode.swift; path = "NSTextAttachment+Extension.swift"; sourceTree = "<group>"; };
		44198CE827A6A01500EC9883 /* UIButton+Extension.swift */ = {isa = PBXFileReference; lastKnownFileType = sourcecode.swift; path = "UIButton+Extension.swift"; sourceTree = "<group>"; };
		441F0C7827DC6A51009CC5A6 /* SearchFilterCustomView.swift */ = {isa = PBXFileReference; lastKnownFileType = sourcecode.swift; path = SearchFilterCustomView.swift; sourceTree = "<group>"; };
		44623DCB27DC651E0069FD14 /* SearchCategoryCustomView.swift */ = {isa = PBXFileReference; lastKnownFileType = sourcecode.swift; path = SearchCategoryCustomView.swift; sourceTree = "<group>"; };
		4466D28027D472D2009A5BB6 /* SearchViewController.swift */ = {isa = PBXFileReference; lastKnownFileType = sourcecode.swift; path = SearchViewController.swift; sourceTree = "<group>"; };
		4466D28327D4732B009A5BB6 /* TabBarViewController.swift */ = {isa = PBXFileReference; lastKnownFileType = sourcecode.swift; path = TabBarViewController.swift; sourceTree = "<group>"; };
		4466D28627D478D1009A5BB6 /* SearchedContentContainerView.swift */ = {isa = PBXFileReference; lastKnownFileType = sourcecode.swift; path = SearchedContentContainerView.swift; sourceTree = "<group>"; };
		4466D28827D479EF009A5BB6 /* SearchContainerView.swift */ = {isa = PBXFileReference; lastKnownFileType = sourcecode.swift; path = SearchContainerView.swift; sourceTree = "<group>"; };
		4466D28A27D488C4009A5BB6 /* SearchedContentTableViewCell.swift */ = {isa = PBXFileReference; lastKnownFileType = sourcecode.swift; path = SearchedContentTableViewCell.swift; sourceTree = "<group>"; };
		4466D28C27D48AC8009A5BB6 /* UILabel+Extension.swift */ = {isa = PBXFileReference; lastKnownFileType = sourcecode.swift; path = "UILabel+Extension.swift"; sourceTree = "<group>"; };
		4466D28E27D490ED009A5BB6 /* SearchViewController+Delegate.swift */ = {isa = PBXFileReference; lastKnownFileType = sourcecode.swift; path = "SearchViewController+Delegate.swift"; sourceTree = "<group>"; };
		4466D29027D49A01009A5BB6 /* SearchingContentListDataModel.swift */ = {isa = PBXFileReference; lastKnownFileType = sourcecode.swift; path = SearchingContentListDataModel.swift; sourceTree = "<group>"; };
		4466D29727DC5939009A5BB6 /* SearchDetailContainerView.swift */ = {isa = PBXFileReference; lastKnownFileType = sourcecode.swift; path = SearchDetailContainerView.swift; sourceTree = "<group>"; };
		44A8154127DCCC39007404C0 /* DishesCollectionViewCell.swift */ = {isa = PBXFileReference; lastKnownFileType = sourcecode.swift; path = DishesCollectionViewCell.swift; sourceTree = "<group>"; };
		44C95BC727A9069100BA83C3 /* FoodViewController+Delegates.swift */ = {isa = PBXFileReference; lastKnownFileType = sourcecode.swift; path = "FoodViewController+Delegates.swift"; sourceTree = "<group>"; };
		44C95BC927A90C2200BA83C3 /* SectionDecorationView.swift */ = {isa = PBXFileReference; lastKnownFileType = sourcecode.swift; path = SectionDecorationView.swift; sourceTree = "<group>"; };
		44C95BCB27A9130800BA83C3 /* SectionHeaderView_2.swift */ = {isa = PBXFileReference; lastKnownFileType = sourcecode.swift; path = SectionHeaderView_2.swift; sourceTree = "<group>"; };
		44C95BCD27A9162300BA83C3 /* RestaurantVeganCVCell.swift */ = {isa = PBXFileReference; lastKnownFileType = sourcecode.swift; path = RestaurantVeganCVCell.swift; sourceTree = "<group>"; };
		44CBFA0C27A935A200D2B827 /* UIFont+Extension.swift */ = {isa = PBXFileReference; fileEncoding = 4; lastKnownFileType = sourcecode.swift; path = "UIFont+Extension.swift"; sourceTree = "<group>"; };
		44CBFA0E27A9360000D2B827 /* ScreenSize.swift */ = {isa = PBXFileReference; lastKnownFileType = sourcecode.swift; path = ScreenSize.swift; sourceTree = "<group>"; };
		44CBFA1027A93CF900D2B827 /* UIColor+Extension.swift */ = {isa = PBXFileReference; lastKnownFileType = sourcecode.swift; path = "UIColor+Extension.swift"; sourceTree = "<group>"; };
		44CBFA1427A947BF00D2B827 /* FoodCategoryDataModel.swift */ = {isa = PBXFileReference; lastKnownFileType = sourcecode.swift; path = FoodCategoryDataModel.swift; sourceTree = "<group>"; };
		44CBFA1627A94AFD00D2B827 /* FoodTopBannerModel.swift */ = {isa = PBXFileReference; lastKnownFileType = sourcecode.swift; path = FoodTopBannerModel.swift; sourceTree = "<group>"; };
		44CBFA1827A953FC00D2B827 /* VeganRestaurantSectionModel.swift */ = {isa = PBXFileReference; lastKnownFileType = sourcecode.swift; path = VeganRestaurantSectionModel.swift; sourceTree = "<group>"; };
		44CBFA1A27A95B1100D2B827 /* CuratedRestaurantsModel.swift */ = {isa = PBXFileReference; lastKnownFileType = sourcecode.swift; path = CuratedRestaurantsModel.swift; sourceTree = "<group>"; };
		44CBFA1C27AA448B00D2B827 /* RestaurantListDataModel.swift */ = {isa = PBXFileReference; lastKnownFileType = sourcecode.swift; path = RestaurantListDataModel.swift; sourceTree = "<group>"; };
		44CBFAA527AE0AA100D2B827 /* FilterLauncher.swift */ = {isa = PBXFileReference; lastKnownFileType = sourcecode.swift; path = FilterLauncher.swift; sourceTree = "<group>"; };
		44CBFAA727AE11EB00D2B827 /* FilterView.swift */ = {isa = PBXFileReference; lastKnownFileType = sourcecode.swift; path = FilterView.swift; sourceTree = "<group>"; };
		44CBFAAD27AE3C6700D2B827 /* FilterCategoryView.swift */ = {isa = PBXFileReference; lastKnownFileType = sourcecode.swift; path = FilterCategoryView.swift; sourceTree = "<group>"; };
		44CBFAAF27AE3C7300D2B827 /* FilterDetailView.swift */ = {isa = PBXFileReference; lastKnownFileType = sourcecode.swift; path = FilterDetailView.swift; sourceTree = "<group>"; };
		44CBFAB127AE4C0100D2B827 /* FilterCategoryTVCell.swift */ = {isa = PBXFileReference; lastKnownFileType = sourcecode.swift; path = FilterCategoryTVCell.swift; sourceTree = "<group>"; };
		44CBFAB327AE51B600D2B827 /* UIString+Extension.swift */ = {isa = PBXFileReference; lastKnownFileType = sourcecode.swift; path = "UIString+Extension.swift"; sourceTree = "<group>"; };
		44CBFAB527AF8ACF00D2B827 /* FilterDetailTableViewCell.swift */ = {isa = PBXFileReference; lastKnownFileType = sourcecode.swift; path = FilterDetailTableViewCell.swift; sourceTree = "<group>"; };
		44CBFAB727AF8ECE00D2B827 /* FilterDataModel.swift */ = {isa = PBXFileReference; lastKnownFileType = sourcecode.swift; path = FilterDataModel.swift; sourceTree = "<group>"; };
		44CBFABA27B76B6500D2B827 /* FoodDetailViewController.swift */ = {isa = PBXFileReference; lastKnownFileType = sourcecode.swift; path = FoodDetailViewController.swift; sourceTree = "<group>"; };
		44CBFABC27B76EE800D2B827 /* FoodDetailViewController+Extension.swift */ = {isa = PBXFileReference; lastKnownFileType = sourcecode.swift; path = "FoodDetailViewController+Extension.swift"; sourceTree = "<group>"; };
		44CBFAC027B7B93900D2B827 /* FoodDetailNavView.swift */ = {isa = PBXFileReference; lastKnownFileType = sourcecode.swift; path = FoodDetailNavView.swift; sourceTree = "<group>"; };
		44F748D227A9334F00329DD0 /* ProximaNovaAltLight.otf */ = {isa = PBXFileReference; lastKnownFileType = file; path = ProximaNovaAltLight.otf; sourceTree = "<group>"; };
		44F748D327A9334F00329DD0 /* ProximaNovaBold.otf */ = {isa = PBXFileReference; lastKnownFileType = file; path = ProximaNovaBold.otf; sourceTree = "<group>"; };
		44F748D427A9334F00329DD0 /* ProximaNovaAltRegular.otf */ = {isa = PBXFileReference; lastKnownFileType = file; path = ProximaNovaAltRegular.otf; sourceTree = "<group>"; };
		44F748D527A9334F00329DD0 /* ProximaNovaCondensedBold.otf */ = {isa = PBXFileReference; lastKnownFileType = file; path = ProximaNovaCondensedBold.otf; sourceTree = "<group>"; };
/* End PBXFileReference section */

/* Begin PBXFrameworksBuildPhase section */
		44198C9E27A5108700EC9883 /* Frameworks */ = {
			isa = PBXFrameworksBuildPhase;
			buildActionMask = 2147483647;
			files = (
			);
			runOnlyForDeploymentPostprocessing = 0;
		};
/* End PBXFrameworksBuildPhase section */

/* Begin PBXGroup section */
		44198C9827A5108700EC9883 = {
			isa = PBXGroup;
			children = (
				44198CA327A5108700EC9883 /* SwiggyClone */,
				44198CA227A5108700EC9883 /* Products */,
			);
			sourceTree = "<group>";
		};
		44198CA227A5108700EC9883 /* Products */ = {
			isa = PBXGroup;
			children = (
				44198CA127A5108700EC9883 /* SwiggyClone.app */,
			);
			name = Products;
			sourceTree = "<group>";
		};
		44198CA327A5108700EC9883 /* SwiggyClone */ = {
			isa = PBXGroup;
			children = (
				44198CB827A519E500EC9883 /* AppBase */,
				44198CB927A519FD00EC9883 /* Plist */,
				44198CBA27A51A0B00EC9883 /* Resources */,
				44198CBB27A51A1E00EC9883 /* Scenes */,
				44198CC327A520B200EC9883 /* AppUtility */,
			);
			path = SwiggyClone;
			sourceTree = "<group>";
		};
		44198CB827A519E500EC9883 /* AppBase */ = {
			isa = PBXGroup;
			children = (
				44198CA427A5108700EC9883 /* AppDelegate.swift */,
				44198CA627A5108700EC9883 /* SceneDelegate.swift */,
				44198CAF27A5108900EC9883 /* LaunchScreen.storyboard */,
			);
			path = AppBase;
			sourceTree = "<group>";
		};
		44198CB927A519FD00EC9883 /* Plist */ = {
			isa = PBXGroup;
			children = (
				44198CB227A5108900EC9883 /* Info.plist */,
			);
			path = Plist;
			sourceTree = "<group>";
		};
		44198CBA27A51A0B00EC9883 /* Resources */ = {
			isa = PBXGroup;
			children = (
				44F748D127A9328B00329DD0 /* Fonts */,
				44198CAD27A5108900EC9883 /* Assets.xcassets */,
			);
			path = Resources;
			sourceTree = "<group>";
		};
		44198CBB27A51A1E00EC9883 /* Scenes */ = {
			isa = PBXGroup;
			children = (
				44198CD127A550D700EC9883 /* Model */,
				44198CBC27A51A2A00EC9883 /* Views */,
			);
			path = Scenes;
			sourceTree = "<group>";
		};
		44198CBC27A51A2A00EC9883 /* Views */ = {
			isa = PBXGroup;
			children = (
				4466D28227D47314009A5BB6 /* Tab */,
				4466D27D27D471B4009A5BB6 /* Search */,
				44CBFAAB27AE3AC900D2B827 /* Filter */,
				44198CBD27A51A3F00EC9883 /* Food */,
			);
			path = Views;
			sourceTree = "<group>";
		};
		44198CBD27A51A3F00EC9883 /* Food */ = {
			isa = PBXGroup;
			children = (
				44198CC827A527AE00EC9883 /* Views */,
				44198CC027A51A6B00EC9883 /* Controllers */,
			);
			path = Food;
			sourceTree = "<group>";
		};
		44198CC027A51A6B00EC9883 /* Controllers */ = {
			isa = PBXGroup;
			children = (
				44198CBE27A51A5F00EC9883 /* FoodViewController.swift */,
				44198CC127A51F0E00EC9883 /* FoodViewController+Extension.swift */,
				44C95BC727A9069100BA83C3 /* FoodViewController+Delegates.swift */,
				44CBFABA27B76B6500D2B827 /* FoodDetailViewController.swift */,
				44CBFABC27B76EE800D2B827 /* FoodDetailViewController+Extension.swift */,
			);
			path = Controllers;
			sourceTree = "<group>";
		};
		44198CC327A520B200EC9883 /* AppUtility */ = {
			isa = PBXGroup;
			children = (
				44198CD827A5546500EC9883 /* Other */,
				44198CC427A520D500EC9883 /* Extensions */,
			);
			path = AppUtility;
			sourceTree = "<group>";
		};
		44198CC427A520D500EC9883 /* Extensions */ = {
			isa = PBXGroup;
			children = (
				44198CC527A520F400EC9883 /* UIKit-Extension */,
			);
			path = Extensions;
			sourceTree = "<group>";
		};
		44198CC527A520F400EC9883 /* UIKit-Extension */ = {
			isa = PBXGroup;
			children = (
				44198CC627A5210900EC9883 /* UIView+Extension.swift */,
				44CBFA1027A93CF900D2B827 /* UIColor+Extension.swift */,
				44CBFA0C27A935A200D2B827 /* UIFont+Extension.swift */,
				44198CE327A65A8200EC9883 /* NSTextAttachment+Extension.swift */,
				44198CE827A6A01500EC9883 /* UIButton+Extension.swift */,
				44CBFAB327AE51B600D2B827 /* UIString+Extension.swift */,
				4466D28C27D48AC8009A5BB6 /* UILabel+Extension.swift */,
			);
			path = "UIKit-Extension";
			sourceTree = "<group>";
		};
		44198CC827A527AE00EC9883 /* Views */ = {
			isa = PBXGroup;
			children = (
				44198CC927A527CB00EC9883 /* FoodFilterHeaderView.swift */,
				44198CCB27A5378100EC9883 /* SectionHeaderView.swift */,
				44198CCD27A5380000EC9883 /* SectionFooterView.swift */,
				44198CDB27A5560700EC9883 /* FoodTopBannerCVCell.swift */,
				44198CDD27A55C7D00EC9883 /* FoodCategoryCVCell.swift */,
				44198CDF27A6445900EC9883 /* FoodSuggestionCardCVCell.swift */,
				44198CE127A64D3E00EC9883 /* RestaurantsListCVCell.swift */,
				44C95BC927A90C2200BA83C3 /* SectionDecorationView.swift */,
				44C95BCB27A9130800BA83C3 /* SectionHeaderView_2.swift */,
				44C95BCD27A9162300BA83C3 /* RestaurantVeganCVCell.swift */,
				44CBFAC027B7B93900D2B827 /* FoodDetailNavView.swift */,
			);
			path = Views;
			sourceTree = "<group>";
		};
		44198CD127A550D700EC9883 /* Model */ = {
			isa = PBXGroup;
			children = (
				44198CD327A5510C00EC9883 /* Layout+Enum.swift */,
				44198CD627A5524100EC9883 /* AppLayouts.swift */,
				44CBFA1427A947BF00D2B827 /* FoodCategoryDataModel.swift */,
				44CBFA1627A94AFD00D2B827 /* FoodTopBannerModel.swift */,
				44CBFA1827A953FC00D2B827 /* VeganRestaurantSectionModel.swift */,
				44CBFA1A27A95B1100D2B827 /* CuratedRestaurantsModel.swift */,
				44CBFA1C27AA448B00D2B827 /* RestaurantListDataModel.swift */,
				44CBFAB727AF8ECE00D2B827 /* FilterDataModel.swift */,
				4466D29027D49A01009A5BB6 /* SearchingContentListDataModel.swift */,
				440D3CEE27DDB84800106244 /* SearchFilterModel.swift */,
				440D3CF427DDE9C200106244 /* DishesListModel.swift */,
			);
			path = Model;
			sourceTree = "<group>";
		};
		44198CD827A5546500EC9883 /* Other */ = {
			isa = PBXGroup;
			children = (
				44CBFA0E27A9360000D2B827 /* ScreenSize.swift */,
				44198CD927A5548900EC9883 /* AppConstants.swift */,
			);
			path = Other;
			sourceTree = "<group>";
		};
		4466D27D27D471B4009A5BB6 /* Search */ = {
			isa = PBXGroup;
			children = (
				4466D28527D478B9009A5BB6 /* View */,
				4466D27F27D471C1009A5BB6 /* Controllers */,
			);
			path = Search;
			sourceTree = "<group>";
		};
		4466D27F27D471C1009A5BB6 /* Controllers */ = {
			isa = PBXGroup;
			children = (
				4466D28027D472D2009A5BB6 /* SearchViewController.swift */,
				4466D28E27D490ED009A5BB6 /* SearchViewController+Delegate.swift */,
			);
			path = Controllers;
			sourceTree = "<group>";
		};
		4466D28227D47314009A5BB6 /* Tab */ = {
			isa = PBXGroup;
			children = (
				4466D28327D4732B009A5BB6 /* TabBarViewController.swift */,
			);
			path = Tab;
			sourceTree = "<group>";
		};
		4466D28527D478B9009A5BB6 /* View */ = {
			isa = PBXGroup;
			children = (
				4466D29627DC591C009A5BB6 /* SearchDetailContainer */,
				4466D29227DC5843009A5BB6 /* SearchedContainer */,
			);
			path = View;
			sourceTree = "<group>";
		};
		4466D29227DC5843009A5BB6 /* SearchedContainer */ = {
			isa = PBXGroup;
			children = (
				4466D28627D478D1009A5BB6 /* SearchedContentContainerView.swift */,
				4466D28827D479EF009A5BB6 /* SearchContainerView.swift */,
			);
			path = SearchedContainer;
			sourceTree = "<group>";
		};
		4466D29627DC591C009A5BB6 /* SearchDetailContainer */ = {
			isa = PBXGroup;
			children = (
				4466D29727DC5939009A5BB6 /* SearchDetailContainerView.swift */,
				44623DCB27DC651E0069FD14 /* SearchCategoryCustomView.swift */,
				441F0C7827DC6A51009CC5A6 /* SearchFilterCustomView.swift */,
				44A8154127DCCC39007404C0 /* DishesCollectionViewCell.swift */,
				440D3CF027DDB97F00106244 /* SearchFiltersCollectionViewCell.swift */,
				440D3CF227DDBF9300106244 /* SearchCategoryCollectionViewCell.swift */,
				4466D28A27D488C4009A5BB6 /* SearchedContentTableViewCell.swift */,
			);
			path = SearchDetailContainer;
			sourceTree = "<group>";
		};
		44CBFAAB27AE3AC900D2B827 /* Filter */ = {
			isa = PBXGroup;
			children = (
				44CBFAAC27AE3AD900D2B827 /* Views */,
			);
			path = Filter;
			sourceTree = "<group>";
		};
		44CBFAAC27AE3AD900D2B827 /* Views */ = {
			isa = PBXGroup;
			children = (
				44CBFAA527AE0AA100D2B827 /* FilterLauncher.swift */,
				44CBFAA727AE11EB00D2B827 /* FilterView.swift */,
				44CBFAAD27AE3C6700D2B827 /* FilterCategoryView.swift */,
				44CBFAAF27AE3C7300D2B827 /* FilterDetailView.swift */,
				44CBFAB127AE4C0100D2B827 /* FilterCategoryTVCell.swift */,
				44CBFAB527AF8ACF00D2B827 /* FilterDetailTableViewCell.swift */,
			);
			path = Views;
			sourceTree = "<group>";
		};
		44F748D127A9328B00329DD0 /* Fonts */ = {
			isa = PBXGroup;
			children = (
				44F748D227A9334F00329DD0 /* ProximaNovaAltLight.otf */,
				44F748D427A9334F00329DD0 /* ProximaNovaAltRegular.otf */,
				44F748D327A9334F00329DD0 /* ProximaNovaBold.otf */,
				44F748D527A9334F00329DD0 /* ProximaNovaCondensedBold.otf */,
			);
			path = Fonts;
			sourceTree = "<group>";
		};
/* End PBXGroup section */

/* Begin PBXNativeTarget section */
		44198CA027A5108700EC9883 /* SwiggyClone */ = {
			isa = PBXNativeTarget;
			buildConfigurationList = 44198CB527A5108900EC9883 /* Build configuration list for PBXNativeTarget "SwiggyClone" */;
			buildPhases = (
				44198C9D27A5108700EC9883 /* Sources */,
				44198C9E27A5108700EC9883 /* Frameworks */,
				44198C9F27A5108700EC9883 /* Resources */,
			);
			buildRules = (
			);
			dependencies = (
			);
			name = SwiggyClone;
			productName = SwiggyClone;
			productReference = 44198CA127A5108700EC9883 /* SwiggyClone.app */;
			productType = "com.apple.product-type.application";
		};
/* End PBXNativeTarget section */

/* Begin PBXProject section */
		44198C9927A5108700EC9883 /* Project object */ = {
			isa = PBXProject;
			attributes = {
				BuildIndependentTargetsInParallel = 1;
				LastSwiftUpdateCheck = 1320;
				LastUpgradeCheck = 1320;
				TargetAttributes = {
					44198CA027A5108700EC9883 = {
						CreatedOnToolsVersion = 13.2.1;
					};
				};
			};
			buildConfigurationList = 44198C9C27A5108700EC9883 /* Build configuration list for PBXProject "SwiggyClone" */;
			compatibilityVersion = "Xcode 13.0";
			developmentRegion = en;
			hasScannedForEncodings = 0;
			knownRegions = (
				en,
				Base,
			);
			mainGroup = 44198C9827A5108700EC9883;
			productRefGroup = 44198CA227A5108700EC9883 /* Products */;
			projectDirPath = "";
			projectRoot = "";
			targets = (
				44198CA027A5108700EC9883 /* SwiggyClone */,
			);
		};
/* End PBXProject section */

/* Begin PBXResourcesBuildPhase section */
		44198C9F27A5108700EC9883 /* Resources */ = {
			isa = PBXResourcesBuildPhase;
			buildActionMask = 2147483647;
			files = (
				44198CB127A5108900EC9883 /* LaunchScreen.storyboard in Resources */,
				44198CAE27A5108900EC9883 /* Assets.xcassets in Resources */,
				44F748D827A9335A00329DD0 /* ProximaNovaAltLight.otf in Resources */,
				44F748D927A9335A00329DD0 /* ProximaNovaBold.otf in Resources */,
				44F748D727A9335A00329DD0 /* ProximaNovaAltRegular.otf in Resources */,
				44F748D627A9335500329DD0 /* ProximaNovaCondensedBold.otf in Resources */,
			);
			runOnlyForDeploymentPostprocessing = 0;
		};
/* End PBXResourcesBuildPhase section */

/* Begin PBXSourcesBuildPhase section */
		44198C9D27A5108700EC9883 /* Sources */ = {
			isa = PBXSourcesBuildPhase;
			buildActionMask = 2147483647;
			files = (
				44198CD727A5524100EC9883 /* AppLayouts.swift in Sources */,
				44CBFABD27B76EE800D2B827 /* FoodDetailViewController+Extension.swift in Sources */,
				44CBFA1527A947BF00D2B827 /* FoodCategoryDataModel.swift in Sources */,
				44C95BC827A9069100BA83C3 /* FoodViewController+Delegates.swift in Sources */,
				4466D28727D478D1009A5BB6 /* SearchedContentContainerView.swift in Sources */,
				440D3CEF27DDB84800106244 /* SearchFilterModel.swift in Sources */,
				4466D28427D4732B009A5BB6 /* TabBarViewController.swift in Sources */,
				44198CCE27A5380000EC9883 /* SectionFooterView.swift in Sources */,
				44CBFA0F27A9360000D2B827 /* ScreenSize.swift in Sources */,
				44CBFA1B27A95B1100D2B827 /* CuratedRestaurantsModel.swift in Sources */,
				44CBFAAE27AE3C6700D2B827 /* FilterCategoryView.swift in Sources */,
				44CBFA1927A953FC00D2B827 /* VeganRestaurantSectionModel.swift in Sources */,
				44198CBF27A51A5F00EC9883 /* FoodViewController.swift in Sources */,
				440D3CF527DDE9C200106244 /* DishesListModel.swift in Sources */,
				44198CA527A5108700EC9883 /* AppDelegate.swift in Sources */,
				44CBFAB627AF8ACF00D2B827 /* FilterDetailTableViewCell.swift in Sources */,
				44CBFAB427AE51B600D2B827 /* UIString+Extension.swift in Sources */,
				44198CC227A51F0E00EC9883 /* FoodViewController+Extension.swift in Sources */,
				44CBFAA627AE0AA100D2B827 /* FilterLauncher.swift in Sources */,
				440D3CF327DDBF9300106244 /* SearchCategoryCollectionViewCell.swift in Sources */,
				44CBFAB827AF8ECE00D2B827 /* FilterDataModel.swift in Sources */,
				44CBFAB027AE3C7300D2B827 /* FilterDetailView.swift in Sources */,
				44CBFAB227AE4C0100D2B827 /* FilterCategoryTVCell.swift in Sources */,
				4466D29127D49A01009A5BB6 /* SearchingContentListDataModel.swift in Sources */,
				440D3CF127DDB97F00106244 /* SearchFiltersCollectionViewCell.swift in Sources */,
				4466D28B27D488C4009A5BB6 /* SearchedContentTableViewCell.swift in Sources */,
				44CBFAA827AE11EB00D2B827 /* FilterView.swift in Sources */,
				44C95BCC27A9130800BA83C3 /* SectionHeaderView_2.swift in Sources */,
				44CBFABB27B76B6500D2B827 /* FoodDetailViewController.swift in Sources */,
				44CBFAC127B7B93900D2B827 /* FoodDetailNavView.swift in Sources */,
				4466D28927D479EF009A5BB6 /* SearchContainerView.swift in Sources */,
				4466D28D27D48AC8009A5BB6 /* UILabel+Extension.swift in Sources */,
				441F0C7927DC6A51009CC5A6 /* SearchFilterCustomView.swift in Sources */,
				44CBFA1727A94AFD00D2B827 /* FoodTopBannerModel.swift in Sources */,
				44198CDE27A55C7D00EC9883 /* FoodCategoryCVCell.swift in Sources */,
				44198CD427A5510C00EC9883 /* Layout+Enum.swift in Sources */,
				44623DCC27DC651E0069FD14 /* SearchCategoryCustomView.swift in Sources */,
				44198CDC27A5560700EC9883 /* FoodTopBannerCVCell.swift in Sources */,
				44CBFA0D27A935A200D2B827 /* UIFont+Extension.swift in Sources */,
				44198CE027A6445900EC9883 /* FoodSuggestionCardCVCell.swift in Sources */,
				44198CC727A5210900EC9883 /* UIView+Extension.swift in Sources */,
				4466D28127D472D2009A5BB6 /* SearchViewController.swift in Sources */,
				44C95BCA27A90C2200BA83C3 /* SectionDecorationView.swift in Sources */,
				44CBFA1127A93CF900D2B827 /* UIColor+Extension.swift in Sources */,
				44198CE727A69FFA00EC9883 /* NSTextAttachment+Extension.swift in Sources */,
				44198CCC27A5378100EC9883 /* SectionHeaderView.swift in Sources */,
				4466D29827DC5939009A5BB6 /* SearchDetailContainerView.swift in Sources */,
				44198CA727A5108700EC9883 /* SceneDelegate.swift in Sources */,
				44A8154227DCCC39007404C0 /* DishesCollectionViewCell.swift in Sources */,
				4466D28F27D490ED009A5BB6 /* SearchViewController+Delegate.swift in Sources */,
				44C95BCE27A9162300BA83C3 /* RestaurantVeganCVCell.swift in Sources */,
				44198CE927A6A01500EC9883 /* UIButton+Extension.swift in Sources */,
				44198CCA27A527CB00EC9883 /* FoodFilterHeaderView.swift in Sources */,
				44198CE227A64D3E00EC9883 /* RestaurantsListCVCell.swift in Sources */,
				44198CDA27A5548900EC9883 /* AppConstants.swift in Sources */,
				44CBFA1D27AA448B00D2B827 /* RestaurantListDataModel.swift in Sources */,
			);
			runOnlyForDeploymentPostprocessing = 0;
		};
/* End PBXSourcesBuildPhase section */

/* Begin PBXVariantGroup section */
		44198CAF27A5108900EC9883 /* LaunchScreen.storyboard */ = {
			isa = PBXVariantGroup;
			children = (
				44198CB027A5108900EC9883 /* Base */,
			);
			name = LaunchScreen.storyboard;
			sourceTree = "<group>";
		};
/* End PBXVariantGroup section */

/* Begin XCBuildConfiguration section */
		44198CB327A5108900EC9883 /* Debug */ = {
			isa = XCBuildConfiguration;
			buildSettings = {
				ALWAYS_SEARCH_USER_PATHS = NO;
				CLANG_ANALYZER_NONNULL = YES;
				CLANG_ANALYZER_NUMBER_OBJECT_CONVERSION = YES_AGGRESSIVE;
				CLANG_CXX_LANGUAGE_STANDARD = "gnu++17";
				CLANG_CXX_LIBRARY = "libc++";
				CLANG_ENABLE_MODULES = YES;
				CLANG_ENABLE_OBJC_ARC = YES;
				CLANG_ENABLE_OBJC_WEAK = YES;
				CLANG_WARN_BLOCK_CAPTURE_AUTORELEASING = YES;
				CLANG_WARN_BOOL_CONVERSION = YES;
				CLANG_WARN_COMMA = YES;
				CLANG_WARN_CONSTANT_CONVERSION = YES;
				CLANG_WARN_DEPRECATED_OBJC_IMPLEMENTATIONS = YES;
				CLANG_WARN_DIRECT_OBJC_ISA_USAGE = YES_ERROR;
				CLANG_WARN_DOCUMENTATION_COMMENTS = YES;
				CLANG_WARN_EMPTY_BODY = YES;
				CLANG_WARN_ENUM_CONVERSION = YES;
				CLANG_WARN_INFINITE_RECURSION = YES;
				CLANG_WARN_INT_CONVERSION = YES;
				CLANG_WARN_NON_LITERAL_NULL_CONVERSION = YES;
				CLANG_WARN_OBJC_IMPLICIT_RETAIN_SELF = YES;
				CLANG_WARN_OBJC_LITERAL_CONVERSION = YES;
				CLANG_WARN_OBJC_ROOT_CLASS = YES_ERROR;
				CLANG_WARN_QUOTED_INCLUDE_IN_FRAMEWORK_HEADER = YES;
				CLANG_WARN_RANGE_LOOP_ANALYSIS = YES;
				CLANG_WARN_STRICT_PROTOTYPES = YES;
				CLANG_WARN_SUSPICIOUS_MOVE = YES;
				CLANG_WARN_UNGUARDED_AVAILABILITY = YES_AGGRESSIVE;
				CLANG_WARN_UNREACHABLE_CODE = YES;
				CLANG_WARN__DUPLICATE_METHOD_MATCH = YES;
				COPY_PHASE_STRIP = NO;
				DEBUG_INFORMATION_FORMAT = dwarf;
				ENABLE_STRICT_OBJC_MSGSEND = YES;
				ENABLE_TESTABILITY = YES;
				GCC_C_LANGUAGE_STANDARD = gnu11;
				GCC_DYNAMIC_NO_PIC = NO;
				GCC_NO_COMMON_BLOCKS = YES;
				GCC_OPTIMIZATION_LEVEL = 0;
				GCC_PREPROCESSOR_DEFINITIONS = (
					"DEBUG=1",
					"$(inherited)",
				);
				GCC_WARN_64_TO_32_BIT_CONVERSION = YES;
				GCC_WARN_ABOUT_RETURN_TYPE = YES_ERROR;
				GCC_WARN_UNDECLARED_SELECTOR = YES;
				GCC_WARN_UNINITIALIZED_AUTOS = YES_AGGRESSIVE;
				GCC_WARN_UNUSED_FUNCTION = YES;
				GCC_WARN_UNUSED_VARIABLE = YES;
				IPHONEOS_DEPLOYMENT_TARGET = 15.2;
				MTL_ENABLE_DEBUG_INFO = INCLUDE_SOURCE;
				MTL_FAST_MATH = YES;
				ONLY_ACTIVE_ARCH = YES;
				SDKROOT = iphoneos;
				SWIFT_ACTIVE_COMPILATION_CONDITIONS = DEBUG;
				SWIFT_OPTIMIZATION_LEVEL = "-Onone";
			};
			name = Debug;
		};
		44198CB427A5108900EC9883 /* Release */ = {
			isa = XCBuildConfiguration;
			buildSettings = {
				ALWAYS_SEARCH_USER_PATHS = NO;
				CLANG_ANALYZER_NONNULL = YES;
				CLANG_ANALYZER_NUMBER_OBJECT_CONVERSION = YES_AGGRESSIVE;
				CLANG_CXX_LANGUAGE_STANDARD = "gnu++17";
				CLANG_CXX_LIBRARY = "libc++";
				CLANG_ENABLE_MODULES = YES;
				CLANG_ENABLE_OBJC_ARC = YES;
				CLANG_ENABLE_OBJC_WEAK = YES;
				CLANG_WARN_BLOCK_CAPTURE_AUTORELEASING = YES;
				CLANG_WARN_BOOL_CONVERSION = YES;
				CLANG_WARN_COMMA = YES;
				CLANG_WARN_CONSTANT_CONVERSION = YES;
				CLANG_WARN_DEPRECATED_OBJC_IMPLEMENTATIONS = YES;
				CLANG_WARN_DIRECT_OBJC_ISA_USAGE = YES_ERROR;
				CLANG_WARN_DOCUMENTATION_COMMENTS = YES;
				CLANG_WARN_EMPTY_BODY = YES;
				CLANG_WARN_ENUM_CONVERSION = YES;
				CLANG_WARN_INFINITE_RECURSION = YES;
				CLANG_WARN_INT_CONVERSION = YES;
				CLANG_WARN_NON_LITERAL_NULL_CONVERSION = YES;
				CLANG_WARN_OBJC_IMPLICIT_RETAIN_SELF = YES;
				CLANG_WARN_OBJC_LITERAL_CONVERSION = YES;
				CLANG_WARN_OBJC_ROOT_CLASS = YES_ERROR;
				CLANG_WARN_QUOTED_INCLUDE_IN_FRAMEWORK_HEADER = YES;
				CLANG_WARN_RANGE_LOOP_ANALYSIS = YES;
				CLANG_WARN_STRICT_PROTOTYPES = YES;
				CLANG_WARN_SUSPICIOUS_MOVE = YES;
				CLANG_WARN_UNGUARDED_AVAILABILITY = YES_AGGRESSIVE;
				CLANG_WARN_UNREACHABLE_CODE = YES;
				CLANG_WARN__DUPLICATE_METHOD_MATCH = YES;
				COPY_PHASE_STRIP = NO;
				DEBUG_INFORMATION_FORMAT = "dwarf-with-dsym";
				ENABLE_NS_ASSERTIONS = NO;
				ENABLE_STRICT_OBJC_MSGSEND = YES;
				GCC_C_LANGUAGE_STANDARD = gnu11;
				GCC_NO_COMMON_BLOCKS = YES;
				GCC_WARN_64_TO_32_BIT_CONVERSION = YES;
				GCC_WARN_ABOUT_RETURN_TYPE = YES_ERROR;
				GCC_WARN_UNDECLARED_SELECTOR = YES;
				GCC_WARN_UNINITIALIZED_AUTOS = YES_AGGRESSIVE;
				GCC_WARN_UNUSED_FUNCTION = YES;
				GCC_WARN_UNUSED_VARIABLE = YES;
				IPHONEOS_DEPLOYMENT_TARGET = 15.2;
				MTL_ENABLE_DEBUG_INFO = NO;
				MTL_FAST_MATH = YES;
				SDKROOT = iphoneos;
				SWIFT_COMPILATION_MODE = wholemodule;
				SWIFT_OPTIMIZATION_LEVEL = "-O";
				VALIDATE_PRODUCT = YES;
			};
			name = Release;
		};
		44198CB627A5108900EC9883 /* Debug */ = {
			isa = XCBuildConfiguration;
			buildSettings = {
				ASSETCATALOG_COMPILER_APPICON_NAME = AppIcon;
				ASSETCATALOG_COMPILER_GLOBAL_ACCENT_COLOR_NAME = AccentColor;
				CODE_SIGN_STYLE = Automatic;
				CURRENT_PROJECT_VERSION = 1;
				DEVELOPMENT_TEAM = 9W5STY688V;
				GENERATE_INFOPLIST_FILE = YES;
				INFOPLIST_FILE = SwiggyClone/Plist/Info.plist;
				INFOPLIST_KEY_UIApplicationSupportsIndirectInputEvents = YES;
				INFOPLIST_KEY_UILaunchStoryboardName = LaunchScreen;
				INFOPLIST_KEY_UISupportedInterfaceOrientations_iPhone = UIInterfaceOrientationPortrait;
				LD_RUNPATH_SEARCH_PATHS = (
					"$(inherited)",
					"@executable_path/Frameworks",
				);
				MARKETING_VERSION = 1.0;
				PRODUCT_BUNDLE_IDENTIFIER = com.dheerajdev.Swigggy;
				PRODUCT_NAME = "$(TARGET_NAME)";
				SWIFT_EMIT_LOC_STRINGS = YES;
				SWIFT_VERSION = 5.0;
				TARGETED_DEVICE_FAMILY = "1,2";
			};
			name = Debug;
		};
		44198CB727A5108900EC9883 /* Release */ = {
			isa = XCBuildConfiguration;
			buildSettings = {
				ASSETCATALOG_COMPILER_APPICON_NAME = AppIcon;
				ASSETCATALOG_COMPILER_GLOBAL_ACCENT_COLOR_NAME = AccentColor;
				CODE_SIGN_STYLE = Automatic;
				CURRENT_PROJECT_VERSION = 1;
				DEVELOPMENT_TEAM = 9W5STY688V;
				GENERATE_INFOPLIST_FILE = YES;
				INFOPLIST_FILE = SwiggyClone/Plist/Info.plist;
				INFOPLIST_KEY_UIApplicationSupportsIndirectInputEvents = YES;
				INFOPLIST_KEY_UILaunchStoryboardName = LaunchScreen;
				INFOPLIST_KEY_UISupportedInterfaceOrientations_iPhone = UIInterfaceOrientationPortrait;
				LD_RUNPATH_SEARCH_PATHS = (
					"$(inherited)",
					"@executable_path/Frameworks",
				);
				MARKETING_VERSION = 1.0;
				PRODUCT_BUNDLE_IDENTIFIER = com.dheerajdev.Swigggy;
				PRODUCT_NAME = "$(TARGET_NAME)";
				SWIFT_EMIT_LOC_STRINGS = YES;
				SWIFT_VERSION = 5.0;
				TARGETED_DEVICE_FAMILY = "1,2";
			};
			name = Release;
		};
/* End XCBuildConfiguration section */

/* Begin XCConfigurationList section */
		44198C9C27A5108700EC9883 /* Build configuration list for PBXProject "SwiggyClone" */ = {
			isa = XCConfigurationList;
			buildConfigurations = (
				44198CB327A5108900EC9883 /* Debug */,
				44198CB427A5108900EC9883 /* Release */,
			);
			defaultConfigurationIsVisible = 0;
			defaultConfigurationName = Release;
		};
		44198CB527A5108900EC9883 /* Build configuration list for PBXNativeTarget "SwiggyClone" */ = {
			isa = XCConfigurationList;
			buildConfigurations = (
				44198CB627A5108900EC9883 /* Debug */,
				44198CB727A5108900EC9883 /* Release */,
			);
			defaultConfigurationIsVisible = 0;
			defaultConfigurationName = Release;
		};
/* End XCConfigurationList section */
	};
	rootObject = 44198C9927A5108700EC9883 /* Project object */;
}
