// !$*UTF8*$!
{
	archiveVersion = 1;
	classes = {
	};
	objectVersion = 55;
	objects = {

/* Begin PBXBuildFile section */
		44198CA527A5108700EC9883 /* AppDelegate.swift in Sources */ = {isa = PBXBuildFile; fileRef = 44198CA427A5108700EC9883 /* AppDelegate.swift */; };
		44198CA727A5108700EC9883 /* SceneDelegate.swift in Sources */ = {isa = PBXBuildFile; fileRef = 44198CA627A5108700EC9883 /* SceneDelegate.swift */; };
		44198CAE27A5108900EC9883 /* Assets.xcassets in Resources */ = {isa = PBXBuildFile; fileRef = 44198CAD27A5108900EC9883 /* Assets.xcassets */; };
		44198CB127A5108900EC9883 /* LaunchScreen.storyboard in Resources */ = {isa = PBXBuildFile; fileRef = 44198CAF27A5108900EC9883 /* LaunchScreen.storyboard */; };
		44198CBF27A51A5F00EC9883 /* FoodVC.swift in Sources */ = {isa = PBXBuildFile; fileRef = 44198CBE27A51A5F00EC9883 /* FoodVC.swift */; };
		44198CC227A51F0E00EC9883 /* FoodVC+Extension.swift in Sources */ = {isa = PBXBuildFile; fileRef = 44198CC127A51F0E00EC9883 /* FoodVC+Extension.swift */; };
		44198CC727A5210900EC9883 /* UIView+Extension.swift in Sources */ = {isa = PBXBuildFile; fileRef = 44198CC627A5210900EC9883 /* UIView+Extension.swift */; };
		44198CCA27A527CB00EC9883 /* FoodFilterHeaderView.swift in Sources */ = {isa = PBXBuildFile; fileRef = 44198CC927A527CB00EC9883 /* FoodFilterHeaderView.swift */; };
		44198CCC27A5378100EC9883 /* SectionHeaderView.swift in Sources */ = {isa = PBXBuildFile; fileRef = 44198CCB27A5378100EC9883 /* SectionHeaderView.swift */; };
		44198CCE27A5380000EC9883 /* SectionFooterView.swift in Sources */ = {isa = PBXBuildFile; fileRef = 44198CCD27A5380000EC9883 /* SectionFooterView.swift */; };
		44198CD427A5510C00EC9883 /* Layout+Enum.swift in Sources */ = {isa = PBXBuildFile; fileRef = 44198CD327A5510C00EC9883 /* Layout+Enum.swift */; };
		44198CD727A5524100EC9883 /* Layout+Functions.swift in Sources */ = {isa = PBXBuildFile; fileRef = 44198CD627A5524100EC9883 /* Layout+Functions.swift */; };
		44198CDA27A5548900EC9883 /* AppContants.swift in Sources */ = {isa = PBXBuildFile; fileRef = 44198CD927A5548900EC9883 /* AppContants.swift */; };
		44198CDC27A5560700EC9883 /* FoodTopBannerCVCell.swift in Sources */ = {isa = PBXBuildFile; fileRef = 44198CDB27A5560700EC9883 /* FoodTopBannerCVCell.swift */; };
		44198CDE27A55C7D00EC9883 /* FoodCategoryCVCell.swift in Sources */ = {isa = PBXBuildFile; fileRef = 44198CDD27A55C7D00EC9883 /* FoodCategoryCVCell.swift */; };
		44198CE027A6445900EC9883 /* FoodSuggestionCardCVCell.swift in Sources */ = {isa = PBXBuildFile; fileRef = 44198CDF27A6445900EC9883 /* FoodSuggestionCardCVCell.swift */; };
		44198CE227A64D3E00EC9883 /* RestaurantsListCVCell.swift in Sources */ = {isa = PBXBuildFile; fileRef = 44198CE127A64D3E00EC9883 /* RestaurantsListCVCell.swift */; };
		44198CE727A69FFA00EC9883 /* NSTextAttachment+Extension.swift in Sources */ = {isa = PBXBuildFile; fileRef = 44198CE327A65A8200EC9883 /* NSTextAttachment+Extension.swift */; };
		44198CE927A6A01500EC9883 /* UIButton+Extension.swift in Sources */ = {isa = PBXBuildFile; fileRef = 44198CE827A6A01500EC9883 /* UIButton+Extension.swift */; };
/* End PBXBuildFile section */

/* Begin PBXFileReference section */
		44198CA127A5108700EC9883 /* SwiggyClone.app */ = {isa = PBXFileReference; explicitFileType = wrapper.application; includeInIndex = 0; path = SwiggyClone.app; sourceTree = BUILT_PRODUCTS_DIR; };
		44198CA427A5108700EC9883 /* AppDelegate.swift */ = {isa = PBXFileReference; lastKnownFileType = sourcecode.swift; path = AppDelegate.swift; sourceTree = "<group>"; };
		44198CA627A5108700EC9883 /* SceneDelegate.swift */ = {isa = PBXFileReference; lastKnownFileType = sourcecode.swift; path = SceneDelegate.swift; sourceTree = "<group>"; };
		44198CAD27A5108900EC9883 /* Assets.xcassets */ = {isa = PBXFileReference; lastKnownFileType = folder.assetcatalog; path = Assets.xcassets; sourceTree = "<group>"; };
		44198CB027A5108900EC9883 /* Base */ = {isa = PBXFileReference; lastKnownFileType = file.storyboard; name = Base; path = Base.lproj/LaunchScreen.storyboard; sourceTree = "<group>"; };
		44198CB227A5108900EC9883 /* Info.plist */ = {isa = PBXFileReference; lastKnownFileType = text.plist.xml; path = Info.plist; sourceTree = "<group>"; };
		44198CBE27A51A5F00EC9883 /* FoodVC.swift */ = {isa = PBXFileReference; lastKnownFileType = sourcecode.swift; path = FoodVC.swift; sourceTree = "<group>"; };
		44198CC127A51F0E00EC9883 /* FoodVC+Extension.swift */ = {isa = PBXFileReference; lastKnownFileType = sourcecode.swift; path = "FoodVC+Extension.swift"; sourceTree = "<group>"; };
		44198CC627A5210900EC9883 /* UIView+Extension.swift */ = {isa = PBXFileReference; lastKnownFileType = sourcecode.swift; path = "UIView+Extension.swift"; sourceTree = "<group>"; };
		44198CC927A527CB00EC9883 /* FoodFilterHeaderView.swift */ = {isa = PBXFileReference; lastKnownFileType = sourcecode.swift; path = FoodFilterHeaderView.swift; sourceTree = "<group>"; };
		44198CCB27A5378100EC9883 /* SectionHeaderView.swift */ = {isa = PBXFileReference; lastKnownFileType = sourcecode.swift; path = SectionHeaderView.swift; sourceTree = "<group>"; };
		44198CCD27A5380000EC9883 /* SectionFooterView.swift */ = {isa = PBXFileReference; lastKnownFileType = sourcecode.swift; path = SectionFooterView.swift; sourceTree = "<group>"; };
		44198CD327A5510C00EC9883 /* Layout+Enum.swift */ = {isa = PBXFileReference; lastKnownFileType = sourcecode.swift; path = "Layout+Enum.swift"; sourceTree = "<group>"; };
		44198CD627A5524100EC9883 /* Layout+Functions.swift */ = {isa = PBXFileReference; lastKnownFileType = sourcecode.swift; path = "Layout+Functions.swift"; sourceTree = "<group>"; };
		44198CD927A5548900EC9883 /* AppContants.swift */ = {isa = PBXFileReference; lastKnownFileType = sourcecode.swift; path = AppContants.swift; sourceTree = "<group>"; };
		44198CDB27A5560700EC9883 /* FoodTopBannerCVCell.swift */ = {isa = PBXFileReference; lastKnownFileType = sourcecode.swift; path = FoodTopBannerCVCell.swift; sourceTree = "<group>"; };
		44198CDD27A55C7D00EC9883 /* FoodCategoryCVCell.swift */ = {isa = PBXFileReference; lastKnownFileType = sourcecode.swift; path = FoodCategoryCVCell.swift; sourceTree = "<group>"; };
		44198CDF27A6445900EC9883 /* FoodSuggestionCardCVCell.swift */ = {isa = PBXFileReference; lastKnownFileType = sourcecode.swift; path = FoodSuggestionCardCVCell.swift; sourceTree = "<group>"; };
		44198CE127A64D3E00EC9883 /* RestaurantsListCVCell.swift */ = {isa = PBXFileReference; lastKnownFileType = sourcecode.swift; path = RestaurantsListCVCell.swift; sourceTree = "<group>"; };
		44198CE327A65A8200EC9883 /* NSTextAttachment+Extension.swift */ = {isa = PBXFileReference; lastKnownFileType = sourcecode.swift; path = "NSTextAttachment+Extension.swift"; sourceTree = "<group>"; };
		44198CE827A6A01500EC9883 /* UIButton+Extension.swift */ = {isa = PBXFileReference; lastKnownFileType = sourcecode.swift; path = "UIButton+Extension.swift"; sourceTree = "<group>"; };
/* End PBXFileReference section */

/* Begin PBXFrameworksBuildPhase section */
		44198C9E27A5108700EC9883 /* Frameworks */ = {
			isa = PBXFrameworksBuildPhase;
			buildActionMask = 2147483647;
			files = (
			);
			runOnlyForDeploymentPostprocessing = 0;
		};
/* End PBXFrameworksBuildPhase section */

/* Begin PBXGroup section */
		44198C9827A5108700EC9883 = {
			isa = PBXGroup;
			children = (
				44198CA327A5108700EC9883 /* SwiggyClone */,
				44198CA227A5108700EC9883 /* Products */,
			);
			sourceTree = "<group>";
		};
		44198CA227A5108700EC9883 /* Products */ = {
			isa = PBXGroup;
			children = (
				44198CA127A5108700EC9883 /* SwiggyClone.app */,
			);
			name = Products;
			sourceTree = "<group>";
		};
		44198CA327A5108700EC9883 /* SwiggyClone */ = {
			isa = PBXGroup;
			children = (
				44198CB827A519E500EC9883 /* AppBase */,
				44198CB927A519FD00EC9883 /* Plist */,
				44198CBA27A51A0B00EC9883 /* Resources */,
				44198CBB27A51A1E00EC9883 /* Scenes */,
				44198CC327A520B200EC9883 /* AppUtility */,
			);
			path = SwiggyClone;
			sourceTree = "<group>";
		};
		44198CB827A519E500EC9883 /* AppBase */ = {
			isa = PBXGroup;
			children = (
				44198CA427A5108700EC9883 /* AppDelegate.swift */,
				44198CA627A5108700EC9883 /* SceneDelegate.swift */,
				44198CAF27A5108900EC9883 /* LaunchScreen.storyboard */,
			);
			path = AppBase;
			sourceTree = "<group>";
		};
		44198CB927A519FD00EC9883 /* Plist */ = {
			isa = PBXGroup;
			children = (
				44198CB227A5108900EC9883 /* Info.plist */,
			);
			path = Plist;
			sourceTree = "<group>";
		};
		44198CBA27A51A0B00EC9883 /* Resources */ = {
			isa = PBXGroup;
			children = (
				44198CAD27A5108900EC9883 /* Assets.xcassets */,
			);
			path = Resources;
			sourceTree = "<group>";
		};
		44198CBB27A51A1E00EC9883 /* Scenes */ = {
			isa = PBXGroup;
			children = (
				44198CD127A550D700EC9883 /* Model */,
				44198CBC27A51A2A00EC9883 /* Views */,
			);
			path = Scenes;
			sourceTree = "<group>";
		};
		44198CBC27A51A2A00EC9883 /* Views */ = {
			isa = PBXGroup;
			children = (
				44198CBD27A51A3F00EC9883 /* Food */,
			);
			path = Views;
			sourceTree = "<group>";
		};
		44198CBD27A51A3F00EC9883 /* Food */ = {
			isa = PBXGroup;
			children = (
				44198CC827A527AE00EC9883 /* Views */,
				44198CC027A51A6B00EC9883 /* Controllers */,
			);
			path = Food;
			sourceTree = "<group>";
		};
		44198CC027A51A6B00EC9883 /* Controllers */ = {
			isa = PBXGroup;
			children = (
				44198CBE27A51A5F00EC9883 /* FoodVC.swift */,
				44198CC127A51F0E00EC9883 /* FoodVC+Extension.swift */,
			);
			path = Controllers;
			sourceTree = "<group>";
		};
		44198CC327A520B200EC9883 /* AppUtility */ = {
			isa = PBXGroup;
			children = (
				44198CD827A5546500EC9883 /* Other */,
				44198CC427A520D500EC9883 /* Extensions */,
			);
			path = AppUtility;
			sourceTree = "<group>";
		};
		44198CC427A520D500EC9883 /* Extensions */ = {
			isa = PBXGroup;
			children = (
				44198CC527A520F400EC9883 /* UIKit-Extension */,
			);
			path = Extensions;
			sourceTree = "<group>";
		};
		44198CC527A520F400EC9883 /* UIKit-Extension */ = {
			isa = PBXGroup;
			children = (
				44198CC627A5210900EC9883 /* UIView+Extension.swift */,
				44198CE327A65A8200EC9883 /* NSTextAttachment+Extension.swift */,
				44198CE827A6A01500EC9883 /* UIButton+Extension.swift */,
			);
			path = "UIKit-Extension";
			sourceTree = "<group>";
		};
		44198CC827A527AE00EC9883 /* Views */ = {
			isa = PBXGroup;
			children = (
				44198CC927A527CB00EC9883 /* FoodFilterHeaderView.swift */,
				44198CCB27A5378100EC9883 /* SectionHeaderView.swift */,
				44198CCD27A5380000EC9883 /* SectionFooterView.swift */,
				44198CDB27A5560700EC9883 /* FoodTopBannerCVCell.swift */,
				44198CDD27A55C7D00EC9883 /* FoodCategoryCVCell.swift */,
				44198CDF27A6445900EC9883 /* FoodSuggestionCardCVCell.swift */,
				44198CE127A64D3E00EC9883 /* RestaurantsListCVCell.swift */,
			);
			path = Views;
			sourceTree = "<group>";
		};
		44198CD127A550D700EC9883 /* Model */ = {
			isa = PBXGroup;
			children = (
				44198CD327A5510C00EC9883 /* Layout+Enum.swift */,
				44198CD627A5524100EC9883 /* Layout+Functions.swift */,
			);
			path = Model;
			sourceTree = "<group>";
		};
		44198CD827A5546500EC9883 /* Other */ = {
			isa = PBXGroup;
			children = (
				44198CD927A5548900EC9883 /* AppContants.swift */,
			);
			path = Other;
			sourceTree = "<group>";
		};
/* End PBXGroup section */

/* Begin PBXNativeTarget section */
		44198CA027A5108700EC9883 /* SwiggyClone */ = {
			isa = PBXNativeTarget;
			buildConfigurationList = 44198CB527A5108900EC9883 /* Build configuration list for PBXNativeTarget "SwiggyClone" */;
			buildPhases = (
				44198C9D27A5108700EC9883 /* Sources */,
				44198C9E27A5108700EC9883 /* Frameworks */,
				44198C9F27A5108700EC9883 /* Resources */,
			);
			buildRules = (
			);
			dependencies = (
			);
			name = SwiggyClone;
			productName = SwiggyClone;
			productReference = 44198CA127A5108700EC9883 /* SwiggyClone.app */;
			productType = "com.apple.product-type.application";
		};
/* End PBXNativeTarget section */

/* Begin PBXProject section */
		44198C9927A5108700EC9883 /* Project object */ = {
			isa = PBXProject;
			attributes = {
				BuildIndependentTargetsInParallel = 1;
				LastSwiftUpdateCheck = 1320;
				LastUpgradeCheck = 1320;
				TargetAttributes = {
					44198CA027A5108700EC9883 = {
						CreatedOnToolsVersion = 13.2.1;
					};
				};
			};
			buildConfigurationList = 44198C9C27A5108700EC9883 /* Build configuration list for PBXProject "SwiggyClone" */;
			compatibilityVersion = "Xcode 13.0";
			developmentRegion = en;
			hasScannedForEncodings = 0;
			knownRegions = (
				en,
				Base,
			);
			mainGroup = 44198C9827A5108700EC9883;
			productRefGroup = 44198CA227A5108700EC9883 /* Products */;
			projectDirPath = "";
			projectRoot = "";
			targets = (
				44198CA027A5108700EC9883 /* SwiggyClone */,
			);
		};
/* End PBXProject section */

/* Begin PBXResourcesBuildPhase section */
		44198C9F27A5108700EC9883 /* Resources */ = {
			isa = PBXResourcesBuildPhase;
			buildActionMask = 2147483647;
			files = (
				44198CB127A5108900EC9883 /* LaunchScreen.storyboard in Resources */,
				44198CAE27A5108900EC9883 /* Assets.xcassets in Resources */,
			);
			runOnlyForDeploymentPostprocessing = 0;
		};
/* End PBXResourcesBuildPhase section */

/* Begin PBXSourcesBuildPhase section */
		44198C9D27A5108700EC9883 /* Sources */ = {
			isa = PBXSourcesBuildPhase;
			buildActionMask = 2147483647;
			files = (
				44198CD727A5524100EC9883 /* Layout+Functions.swift in Sources */,
				44198CCE27A5380000EC9883 /* SectionFooterView.swift in Sources */,
				44198CBF27A51A5F00EC9883 /* FoodVC.swift in Sources */,
				44198CA527A5108700EC9883 /* AppDelegate.swift in Sources */,
				44198CC227A51F0E00EC9883 /* FoodVC+Extension.swift in Sources */,
				44198CDE27A55C7D00EC9883 /* FoodCategoryCVCell.swift in Sources */,
				44198CD427A5510C00EC9883 /* Layout+Enum.swift in Sources */,
				44198CDC27A5560700EC9883 /* FoodTopBannerCVCell.swift in Sources */,
				44198CE027A6445900EC9883 /* FoodSuggestionCardCVCell.swift in Sources */,
				44198CC727A5210900EC9883 /* UIView+Extension.swift in Sources */,
				44198CE727A69FFA00EC9883 /* NSTextAttachment+Extension.swift in Sources */,
				44198CCC27A5378100EC9883 /* SectionHeaderView.swift in Sources */,
				44198CA727A5108700EC9883 /* SceneDelegate.swift in Sources */,
				44198CE927A6A01500EC9883 /* UIButton+Extension.swift in Sources */,
				44198CCA27A527CB00EC9883 /* FoodFilterHeaderView.swift in Sources */,
				44198CE227A64D3E00EC9883 /* RestaurantsListCVCell.swift in Sources */,
				44198CDA27A5548900EC9883 /* AppContants.swift in Sources */,
			);
			runOnlyForDeploymentPostprocessing = 0;
		};
/* End PBXSourcesBuildPhase section */

/* Begin PBXVariantGroup section */
		44198CAF27A5108900EC9883 /* LaunchScreen.storyboard */ = {
			isa = PBXVariantGroup;
			children = (
				44198CB027A5108900EC9883 /* Base */,
			);
			name = LaunchScreen.storyboard;
			sourceTree = "<group>";
		};
/* End PBXVariantGroup section */

/* Begin XCBuildConfiguration section */
		44198CB327A5108900EC9883 /* Debug */ = {
			isa = XCBuildConfiguration;
			buildSettings = {
				ALWAYS_SEARCH_USER_PATHS = NO;
				CLANG_ANALYZER_NONNULL = YES;
				CLANG_ANALYZER_NUMBER_OBJECT_CONVERSION = YES_AGGRESSIVE;
				CLANG_CXX_LANGUAGE_STANDARD = "gnu++17";
				CLANG_CXX_LIBRARY = "libc++";
				CLANG_ENABLE_MODULES = YES;
				CLANG_ENABLE_OBJC_ARC = YES;
				CLANG_ENABLE_OBJC_WEAK = YES;
				CLANG_WARN_BLOCK_CAPTURE_AUTORELEASING = YES;
				CLANG_WARN_BOOL_CONVERSION = YES;
				CLANG_WARN_COMMA = YES;
				CLANG_WARN_CONSTANT_CONVERSION = YES;
				CLANG_WARN_DEPRECATED_OBJC_IMPLEMENTATIONS = YES;
				CLANG_WARN_DIRECT_OBJC_ISA_USAGE = YES_ERROR;
				CLANG_WARN_DOCUMENTATION_COMMENTS = YES;
				CLANG_WARN_EMPTY_BODY = YES;
				CLANG_WARN_ENUM_CONVERSION = YES;
				CLANG_WARN_INFINITE_RECURSION = YES;
				CLANG_WARN_INT_CONVERSION = YES;
				CLANG_WARN_NON_LITERAL_NULL_CONVERSION = YES;
				CLANG_WARN_OBJC_IMPLICIT_RETAIN_SELF = YES;
				CLANG_WARN_OBJC_LITERAL_CONVERSION = YES;
				CLANG_WARN_OBJC_ROOT_CLASS = YES_ERROR;
				CLANG_WARN_QUOTED_INCLUDE_IN_FRAMEWORK_HEADER = YES;
				CLANG_WARN_RANGE_LOOP_ANALYSIS = YES;
				CLANG_WARN_STRICT_PROTOTYPES = YES;
				CLANG_WARN_SUSPICIOUS_MOVE = YES;
				CLANG_WARN_UNGUARDED_AVAILABILITY = YES_AGGRESSIVE;
				CLANG_WARN_UNREACHABLE_CODE = YES;
				CLANG_WARN__DUPLICATE_METHOD_MATCH = YES;
				COPY_PHASE_STRIP = NO;
				DEBUG_INFORMATION_FORMAT = dwarf;
				ENABLE_STRICT_OBJC_MSGSEND = YES;
				ENABLE_TESTABILITY = YES;
				GCC_C_LANGUAGE_STANDARD = gnu11;
				GCC_DYNAMIC_NO_PIC = NO;
				GCC_NO_COMMON_BLOCKS = YES;
				GCC_OPTIMIZATION_LEVEL = 0;
				GCC_PREPROCESSOR_DEFINITIONS = (
					"DEBUG=1",
					"$(inherited)",
				);
				GCC_WARN_64_TO_32_BIT_CONVERSION = YES;
				GCC_WARN_ABOUT_RETURN_TYPE = YES_ERROR;
				GCC_WARN_UNDECLARED_SELECTOR = YES;
				GCC_WARN_UNINITIALIZED_AUTOS = YES_AGGRESSIVE;
				GCC_WARN_UNUSED_FUNCTION = YES;
				GCC_WARN_UNUSED_VARIABLE = YES;
				IPHONEOS_DEPLOYMENT_TARGET = 15.2;
				MTL_ENABLE_DEBUG_INFO = INCLUDE_SOURCE;
				MTL_FAST_MATH = YES;
				ONLY_ACTIVE_ARCH = YES;
				SDKROOT = iphoneos;
				SWIFT_ACTIVE_COMPILATION_CONDITIONS = DEBUG;
				SWIFT_OPTIMIZATION_LEVEL = "-Onone";
			};
			name = Debug;
		};
		44198CB427A5108900EC9883 /* Release */ = {
			isa = XCBuildConfiguration;
			buildSettings = {
				ALWAYS_SEARCH_USER_PATHS = NO;
				CLANG_ANALYZER_NONNULL = YES;
				CLANG_ANALYZER_NUMBER_OBJECT_CONVERSION = YES_AGGRESSIVE;
				CLANG_CXX_LANGUAGE_STANDARD = "gnu++17";
				CLANG_CXX_LIBRARY = "libc++";
				CLANG_ENABLE_MODULES = YES;
				CLANG_ENABLE_OBJC_ARC = YES;
				CLANG_ENABLE_OBJC_WEAK = YES;
				CLANG_WARN_BLOCK_CAPTURE_AUTORELEASING = YES;
				CLANG_WARN_BOOL_CONVERSION = YES;
				CLANG_WARN_COMMA = YES;
				CLANG_WARN_CONSTANT_CONVERSION = YES;
				CLANG_WARN_DEPRECATED_OBJC_IMPLEMENTATIONS = YES;
				CLANG_WARN_DIRECT_OBJC_ISA_USAGE = YES_ERROR;
				CLANG_WARN_DOCUMENTATION_COMMENTS = YES;
				CLANG_WARN_EMPTY_BODY = YES;
				CLANG_WARN_ENUM_CONVERSION = YES;
				CLANG_WARN_INFINITE_RECURSION = YES;
				CLANG_WARN_INT_CONVERSION = YES;
				CLANG_WARN_NON_LITERAL_NULL_CONVERSION = YES;
				CLANG_WARN_OBJC_IMPLICIT_RETAIN_SELF = YES;
				CLANG_WARN_OBJC_LITERAL_CONVERSION = YES;
				CLANG_WARN_OBJC_ROOT_CLASS = YES_ERROR;
				CLANG_WARN_QUOTED_INCLUDE_IN_FRAMEWORK_HEADER = YES;
				CLANG_WARN_RANGE_LOOP_ANALYSIS = YES;
				CLANG_WARN_STRICT_PROTOTYPES = YES;
				CLANG_WARN_SUSPICIOUS_MOVE = YES;
				CLANG_WARN_UNGUARDED_AVAILABILITY = YES_AGGRESSIVE;
				CLANG_WARN_UNREACHABLE_CODE = YES;
				CLANG_WARN__DUPLICATE_METHOD_MATCH = YES;
				COPY_PHASE_STRIP = NO;
				DEBUG_INFORMATION_FORMAT = "dwarf-with-dsym";
				ENABLE_NS_ASSERTIONS = NO;
				ENABLE_STRICT_OBJC_MSGSEND = YES;
				GCC_C_LANGUAGE_STANDARD = gnu11;
				GCC_NO_COMMON_BLOCKS = YES;
				GCC_WARN_64_TO_32_BIT_CONVERSION = YES;
				GCC_WARN_ABOUT_RETURN_TYPE = YES_ERROR;
				GCC_WARN_UNDECLARED_SELECTOR = YES;
				GCC_WARN_UNINITIALIZED_AUTOS = YES_AGGRESSIVE;
				GCC_WARN_UNUSED_FUNCTION = YES;
				GCC_WARN_UNUSED_VARIABLE = YES;
				IPHONEOS_DEPLOYMENT_TARGET = 15.2;
				MTL_ENABLE_DEBUG_INFO = NO;
				MTL_FAST_MATH = YES;
				SDKROOT = iphoneos;
				SWIFT_COMPILATION_MODE = wholemodule;
				SWIFT_OPTIMIZATION_LEVEL = "-O";
				VALIDATE_PRODUCT = YES;
			};
			name = Release;
		};
		44198CB627A5108900EC9883 /* Debug */ = {
			isa = XCBuildConfiguration;
			buildSettings = {
				ASSETCATALOG_COMPILER_APPICON_NAME = AppIcon;
				ASSETCATALOG_COMPILER_GLOBAL_ACCENT_COLOR_NAME = AccentColor;
				CODE_SIGN_STYLE = Automatic;
				CURRENT_PROJECT_VERSION = 1;
				DEVELOPMENT_TEAM = 9W5STY688V;
				GENERATE_INFOPLIST_FILE = YES;
				INFOPLIST_FILE = SwiggyClone/Plist/Info.plist;
				INFOPLIST_KEY_UIApplicationSupportsIndirectInputEvents = YES;
				INFOPLIST_KEY_UILaunchStoryboardName = LaunchScreen;
				INFOPLIST_KEY_UISupportedInterfaceOrientations_iPad = "UIInterfaceOrientationPortrait UIInterfaceOrientationPortraitUpsideDown UIInterfaceOrientationLandscapeLeft UIInterfaceOrientationLandscapeRight";
				INFOPLIST_KEY_UISupportedInterfaceOrientations_iPhone = "UIInterfaceOrientationPortrait UIInterfaceOrientationLandscapeLeft UIInterfaceOrientationLandscapeRight";
				LD_RUNPATH_SEARCH_PATHS = (
					"$(inherited)",
					"@executable_path/Frameworks",
				);
				MARKETING_VERSION = 1.0;
				PRODUCT_BUNDLE_IDENTIFIER = com.dheerajdev.SwiggyClone;
				PRODUCT_NAME = "$(TARGET_NAME)";
				SWIFT_EMIT_LOC_STRINGS = YES;
				SWIFT_VERSION = 5.0;
				TARGETED_DEVICE_FAMILY = "1,2";
			};
			name = Debug;
		};
		44198CB727A5108900EC9883 /* Release */ = {
			isa = XCBuildConfiguration;
			buildSettings = {
				ASSETCATALOG_COMPILER_APPICON_NAME = AppIcon;
				ASSETCATALOG_COMPILER_GLOBAL_ACCENT_COLOR_NAME = AccentColor;
				CODE_SIGN_STYLE = Automatic;
				CURRENT_PROJECT_VERSION = 1;
				DEVELOPMENT_TEAM = 9W5STY688V;
				GENERATE_INFOPLIST_FILE = YES;
				INFOPLIST_FILE = SwiggyClone/Plist/Info.plist;
				INFOPLIST_KEY_UIApplicationSupportsIndirectInputEvents = YES;
				INFOPLIST_KEY_UILaunchStoryboardName = LaunchScreen;
				INFOPLIST_KEY_UISupportedInterfaceOrientations_iPad = "UIInterfaceOrientationPortrait UIInterfaceOrientationPortraitUpsideDown UIInterfaceOrientationLandscapeLeft UIInterfaceOrientationLandscapeRight";
				INFOPLIST_KEY_UISupportedInterfaceOrientations_iPhone = "UIInterfaceOrientationPortrait UIInterfaceOrientationLandscapeLeft UIInterfaceOrientationLandscapeRight";
				LD_RUNPATH_SEARCH_PATHS = (
					"$(inherited)",
					"@executable_path/Frameworks",
				);
				MARKETING_VERSION = 1.0;
				PRODUCT_BUNDLE_IDENTIFIER = com.dheerajdev.SwiggyClone;
				PRODUCT_NAME = "$(TARGET_NAME)";
				SWIFT_EMIT_LOC_STRINGS = YES;
				SWIFT_VERSION = 5.0;
				TARGETED_DEVICE_FAMILY = "1,2";
			};
			name = Release;
		};
/* End XCBuildConfiguration section */

/* Begin XCConfigurationList section */
		44198C9C27A5108700EC9883 /* Build configuration list for PBXProject "SwiggyClone" */ = {
			isa = XCConfigurationList;
			buildConfigurations = (
				44198CB327A5108900EC9883 /* Debug */,
				44198CB427A5108900EC9883 /* Release */,
			);
			defaultConfigurationIsVisible = 0;
			defaultConfigurationName = Release;
		};
		44198CB527A5108900EC9883 /* Build configuration list for PBXNativeTarget "SwiggyClone" */ = {
			isa = XCConfigurationList;
			buildConfigurations = (
				44198CB627A5108900EC9883 /* Debug */,
				44198CB727A5108900EC9883 /* Release */,
			);
			defaultConfigurationIsVisible = 0;
			defaultConfigurationName = Release;
		};
/* End XCConfigurationList section */
	};
	rootObject = 44198C9927A5108700EC9883 /* Project object */;
}
